
Microsoft Visual Studio Solution File, Format Version 12.00
# Visual Studio Version 16
VisualStudioVersion = 16.0.32002.261
MinimumVisualStudioVersion = 10.0.40219.1
Project("{9A19103F-16F7-4668-BE54-9A1E7A4F7556}") = "NFormlySchema", "NFormlySchema\NFormlySchema.csproj", "{76C44E7F-49ED-4765-B12B-2E0EDD31A471}"
EndProject
Project("{9A19103F-16F7-4668-BE54-9A1E7A4F7556}") = "NFormlySchema.UnitTests", "NFormlySchema.UnitTests\NFormlySchema.UnitTests.csproj", "{7DA3220E-7785-41CF-A2AD-E7CA994EF6A5}"
EndProject
Project("{FAE04EC0-301F-11D3-BF4B-00C04F79EFBC}") = "NFormlySchema.DevHelper.CLI", "NFormlySchema.DevHelper.CLI\NFormlySchema.DevHelper.CLI.csproj", "{88147662-ACA3-41CD-9D29-F29B0605629D}"
EndProject
Global
	GlobalSection(SolutionConfigurationPlatforms) = preSolution
		Debug|Any CPU = Debug|Any CPU
		Release|Any CPU = Release|Any CPU
	EndGlobalSection
	GlobalSection(ProjectConfigurationPlatforms) = postSolution
		{76C44E7F-49ED-4765-B12B-2E0EDD31A471}.Debug|Any CPU.ActiveCfg = Debug|Any CPU
		{76C44E7F-49ED-4765-B12B-2E0EDD31A471}.Debug|Any CPU.Build.0 = Debug|Any CPU
		{76C44E7F-49ED-4765-B12B-2E0EDD31A471}.Release|Any CPU.ActiveCfg = Release|Any CPU
		{76C44E7F-49ED-4765-B12B-2E0EDD31A471}.Release|Any CPU.Build.0 = Release|Any CPU
		{7DA3220E-7785-41CF-A2AD-E7CA994EF6A5}.Debug|Any CPU.ActiveCfg = Debug|Any CPU
		{7DA3220E-7785-41CF-A2AD-E7CA994EF6A5}.Debug|Any CPU.Build.0 = Debug|Any CPU
		{7DA3220E-7785-41CF-A2AD-E7CA994EF6A5}.Release|Any CPU.ActiveCfg = Release|Any CPU
		{7DA3220E-7785-41CF-A2AD-E7CA994EF6A5}.Release|Any CPU.Build.0 = Release|Any CPU
		{88147662-ACA3-41CD-9D29-F29B0605629D}.Debug|Any CPU.ActiveCfg = Debug|Any CPU
		{88147662-ACA3-41CD-9D29-F29B0605629D}.Debug|Any CPU.Build.0 = Debug|Any CPU
		{88147662-ACA3-41CD-9D29-F29B0605629D}.Release|Any CPU.ActiveCfg = Release|Any CPU
		{88147662-ACA3-41CD-9D29-F29B0605629D}.Release|Any CPU.Build.0 = Release|Any CPU
	EndGlobalSection
	GlobalSection(SolutionProperties) = preSolution
		HideSolutionNode = FALSE
	EndGlobalSection
	GlobalSection(ExtensibilityGlobals) = postSolution
		SolutionGuid = {52199339-2F58-4AAA-A002-5BEA84A3C7CF}
	EndGlobalSection
EndGlobal
